
Microsoft Visual Studio Solution File, Format Version 12.00
# Visual Studio 15
VisualStudioVersion = 15.0.28010.2046
MinimumVisualStudioVersion = 10.0.40219.1
Project("{FAE04EC0-301F-11D3-BF4B-00C04F79EFBC}") = "Chat", "Chat\Chat.csproj", "{0D54C179-1EF5-4DEC-8617-F51664171F74}"
EndProject
Global
	GlobalSection(SolutionConfigurationPlatforms) = preSolution
		Debug|Any CPU = Debug|Any CPU
		Release|Any CPU = Release|Any CPU
	EndGlobalSection
	GlobalSection(ProjectConfigurationPlatforms) = postSolution
		{0D54C179-1EF5-4DEC-8617-F51664171F74}.Debug|Any CPU.ActiveCfg = Debug|Any CPU
		{0D54C179-1EF5-4DEC-8617-F51664171F74}.Debug|Any CPU.Build.0 = Debug|Any CPU
		{0D54C179-1EF5-4DEC-8617-F51664171F74}.Release|Any CPU.ActiveCfg = Release|Any CPU
		{0D54C179-1EF5-4DEC-8617-F51664171F74}.Release|Any CPU.Build.0 = Release|Any CPU
	EndGlobalSection
	GlobalSection(SolutionProperties) = preSolution
		HideSolutionNode = FALSE
	EndGlobalSection
	GlobalSection(ExtensibilityGlobals) = postSolution
		SolutionGuid = {8C552B5D-8680-42B1-A482-F62B523D9651}
	EndGlobalSection
EndGlobal
