
Microsoft Visual Studio Solution File, Format Version 12.00
# Visual Studio 15
VisualStudioVersion = 15.0.28010.2046
MinimumVisualStudioVersion = 10.0.40219.1
Project("{FAE04EC0-301F-11D3-BF4B-00C04F79EFBC}") = "MyNUnit", "MyNUnit\MyNUnit.csproj", "{EAAC5789-09E4-4D6F-A5F4-06D4AD14CBB7}"
EndProject
Project("{2150E333-8FDC-42A3-9474-1A3956D46DE8}") = "TestingProjects", "TestingProjects", "{9647D2CE-C0B1-4BB0-82AC-5671B89DB82F}"
EndProject
Project("{FAE04EC0-301F-11D3-BF4B-00C04F79EFBC}") = "TestingProject", "TestingProject\TestingProject.csproj", "{87994252-84BA-4480-A692-D405C243A2A2}"
EndProject
Global
	GlobalSection(SolutionConfigurationPlatforms) = preSolution
		Debug|Any CPU = Debug|Any CPU
		Release|Any CPU = Release|Any CPU
	EndGlobalSection
	GlobalSection(ProjectConfigurationPlatforms) = postSolution
		{EAAC5789-09E4-4D6F-A5F4-06D4AD14CBB7}.Debug|Any CPU.ActiveCfg = Debug|Any CPU
		{EAAC5789-09E4-4D6F-A5F4-06D4AD14CBB7}.Debug|Any CPU.Build.0 = Debug|Any CPU
		{EAAC5789-09E4-4D6F-A5F4-06D4AD14CBB7}.Release|Any CPU.ActiveCfg = Release|Any CPU
		{EAAC5789-09E4-4D6F-A5F4-06D4AD14CBB7}.Release|Any CPU.Build.0 = Release|Any CPU
		{87994252-84BA-4480-A692-D405C243A2A2}.Debug|Any CPU.ActiveCfg = Debug|Any CPU
		{87994252-84BA-4480-A692-D405C243A2A2}.Debug|Any CPU.Build.0 = Debug|Any CPU
		{87994252-84BA-4480-A692-D405C243A2A2}.Release|Any CPU.ActiveCfg = Release|Any CPU
		{87994252-84BA-4480-A692-D405C243A2A2}.Release|Any CPU.Build.0 = Release|Any CPU
	EndGlobalSection
	GlobalSection(SolutionProperties) = preSolution
		HideSolutionNode = FALSE
	EndGlobalSection
	GlobalSection(NestedProjects) = preSolution
		{87994252-84BA-4480-A692-D405C243A2A2} = {9647D2CE-C0B1-4BB0-82AC-5671B89DB82F}
	EndGlobalSection
	GlobalSection(ExtensibilityGlobals) = postSolution
		SolutionGuid = {00C7B5FA-9112-4AD6-AAC3-3EC03C230F43}
	EndGlobalSection
EndGlobal
